
Microsoft Visual Studio Solution File, Format Version 12.00
# Visual Studio 2013
VisualStudioVersion = 12.0.21005.1
MinimumVisualStudioVersion = 10.0.40219.1
Project("{FAE04EC0-301F-11D3-BF4B-00C04F79EFBC}") = "traversal", "traversal\traversal.csproj", "{B710712A-429D-4495-9802-9E4D5CA3B762}"
EndProject
Project("{FAE04EC0-301F-11D3-BF4B-00C04F79EFBC}") = "test", "test\test.csproj", "{F6832495-78A1-4587-98B6-5C6C305CAE36}"
EndProject
Global
	GlobalSection(SolutionConfigurationPlatforms) = preSolution
		Debug|Any CPU = Debug|Any CPU
		Release|Any CPU = Release|Any CPU
	EndGlobalSection
	GlobalSection(ProjectConfigurationPlatforms) = postSolution
		{B710712A-429D-4495-9802-9E4D5CA3B762}.Debug|Any CPU.ActiveCfg = Debug|Any CPU
		{B710712A-429D-4495-9802-9E4D5CA3B762}.Debug|Any CPU.Build.0 = Debug|Any CPU
		{B710712A-429D-4495-9802-9E4D5CA3B762}.Release|Any CPU.ActiveCfg = Release|Any CPU
		{B710712A-429D-4495-9802-9E4D5CA3B762}.Release|Any CPU.Build.0 = Release|Any CPU
		{F6832495-78A1-4587-98B6-5C6C305CAE36}.Debug|Any CPU.ActiveCfg = Debug|Any CPU
		{F6832495-78A1-4587-98B6-5C6C305CAE36}.Debug|Any CPU.Build.0 = Debug|Any CPU
		{F6832495-78A1-4587-98B6-5C6C305CAE36}.Release|Any CPU.ActiveCfg = Release|Any CPU
		{F6832495-78A1-4587-98B6-5C6C305CAE36}.Release|Any CPU.Build.0 = Release|Any CPU
	EndGlobalSection
	GlobalSection(SolutionProperties) = preSolution
		HideSolutionNode = FALSE
	EndGlobalSection
EndGlobal
